<?xml version="1.0" encoding="utf-8"?>
<Project ToolsVersion="4.0" xmlns="http://schemas.microsoft.com/developer/msbuild/2003">
  <ItemGroup>
    <Filter Include="Common">
      <UniqueIdentifier>{9bd2ff7f-7115-4f7d-bf3a-0a19b31e2ce0}</UniqueIdentifier>
    </Filter>
    <Filter Include="Header">
      <UniqueIdentifier>{93995380-89BD-4b04-88EB-625FBE52EBFB}</UniqueIdentifier>
      <Extensions>h;hpp;hxx;hm;inl;inc;xsd</Extensions>
    </Filter>
    <Filter Include="Source">
      <UniqueIdentifier>{4FC737F1-C7A5-4376-A066-2A32D752A2FF}</UniqueIdentifier>
      <Extensions>cpp;c;cc;cxx;def;odl;idl;hpj;bat;asm;asmx</Extensions>
    </Filter>
    <Filter Include="Resource">
      <UniqueIdentifier>{67DA6AB6-F800-4c08-8B7A-83BB121AAD01}</UniqueIdentifier>
      <Extensions>rc;ico;cur;bmp;dlg;rc2;rct;bin;rgs;gif;jpg;jpeg;jpe;resx;tiff;tif;png;wav;mfcribbon-ms</Extensions>
    </Filter>
    <Filter Include="Gif">
      <UniqueIdentifier>{58895ae8-e275-4428-acb0-5c7e890d903d}</UniqueIdentifier>
    </Filter>
  </ItemGroup>
  <ItemGroup>
    <None Include="ReadMe.txt" />
    <None Include="res\KKControl.rc2">
      <Filter>Resource</Filter>
    </None>
    <None Include="res\KKControl.ico">
      <Filter>Resource</Filter>
    </None>
  </ItemGroup>
  <ItemGroup>
    <ClInclude Include="KKControl.h">
      <Filter>Header</Filter>
    </ClInclude>
    <ClInclude Include="KKControlDlg.h">
      <Filter>Header</Filter>
    </ClInclude>
    <ClInclude Include="stdafx.h">
      <Filter>Header</Filter>
    </ClInclude>
    <ClInclude Include="targetver.h">
      <Filter>Header</Filter>
    </ClInclude>
    <ClInclude Include="Resource.h">
      <Filter>Header</Filter>
    </ClInclude>
    <ClInclude Include="Common\BaseConfig.h">
      <Filter>Common</Filter>
    </ClInclude>
    <ClInclude Include="loadgif\BaseGif.h">
      <Filter>Gif</Filter>
    </ClInclude>
    <ClInclude Include="Common\memUIFrame.h">
      <Filter>Common</Filter>
    </ClInclude>
    <ClInclude Include="Common\memUIEdit.h">
      <Filter>Common</Filter>
    </ClInclude>
    <ClInclude Include="Common\memUIButton.h">
      <Filter>Common</Filter>
    </ClInclude>
    <ClInclude Include="Common\memUIBase.h">
      <Filter>Common</Filter>
    </ClInclude>
    <ClInclude Include="Common\memUIImage.h">
      <Filter>Common</Filter>
    </ClInclude>
    <ClInclude Include="Common\memUIPage.h">
      <Filter>Common</Filter>
    </ClInclude>
  </ItemGroup>
  <ItemGroup>
    <ClCompile Include="KKControl.cpp">
      <Filter>Source</Filter>
    </ClCompile>
    <ClCompile Include="KKControlDlg.cpp">
      <Filter>Source</Filter>
    </ClCompile>
    <ClCompile Include="stdafx.cpp">
      <Filter>Source</Filter>
    </ClCompile>
    <ClCompile Include="loadgif\BaseGif.cpp">
      <Filter>Gif</Filter>
    </ClCompile>
    <ClCompile Include="Common\memUIFrame.cpp">
      <Filter>Common</Filter>
    </ClCompile>
    <ClCompile Include="Common\memUIEdit.cpp">
      <Filter>Common</Filter>
    </ClCompile>
    <ClCompile Include="Common\memUIButton.cpp">
      <Filter>Common</Filter>
    </ClCompile>
    <ClCompile Include="Common\memUIBase.cpp">
      <Filter>Common</Filter>
    </ClCompile>
    <ClCompile Include="Common\memUIImage.cpp">
      <Filter>Common</Filter>
    </ClCompile>
    <ClCompile Include="Common\memUIPage.cpp">
      <Filter>Common</Filter>
    </ClCompile>
  </ItemGroup>
  <ItemGroup>
    <ResourceCompile Include="KKControl.rc">
      <Filter>Resource</Filter>
    </ResourceCompile>
  </ItemGroup>
</Project>